<Solution>
  <Folder Name="/Solution Items/">
    <File Path=".editorconfig" />
  </Folder>
  <Project Path="fallShel_efficiency-program/fallShel_efficiency-program.pyproj" Type="888888a0-9f3d-457c-b088-3a5042f75d52" Id="a7ccf159-9132-4f3e-8c4b-206a162ff1af">
    <Build Project="false" />
  </Project>
</Solution>
